
Microsoft Visual Studio Solution File, Format Version 11.00
# Visual Studio 2010
# SharpDevelop 5.1
Project("{FAE04EC0-301F-11D3-BF4B-00C04F79EFBC}") = "Keygen", "Source\Keygen.csproj", "{A070259E-BEE7-48E3-9B22-7AED542F113E}"
EndProject
Global
	GlobalSection(SolutionConfigurationPlatforms) = preSolution
		Debug|Any CPU = Debug|Any CPU
		Release|Any CPU = Release|Any CPU
	EndGlobalSection
	GlobalSection(ProjectConfigurationPlatforms) = postSolution
		{A070259E-BEE7-48E3-9B22-7AED542F113E}.Debug|Any CPU.ActiveCfg = Debug|Any CPU
		{A070259E-BEE7-48E3-9B22-7AED542F113E}.Debug|Any CPU.Build.0 = Debug|Any CPU
		{A070259E-BEE7-48E3-9B22-7AED542F113E}.Release|Any CPU.ActiveCfg = Release|Any CPU
		{A070259E-BEE7-48E3-9B22-7AED542F113E}.Release|Any CPU.Build.0 = Release|Any CPU
	EndGlobalSection
EndGlobal
